{
  "requires": true,
  "lockfileVersion": 1,
  "dependencies": {
    "@syncfusion/ej2": "18.3.40",
    "@syncfusion/ej2-base": "18.3.40",
    "@syncfusion/ej2-buttons": "18.3.40",
    "@syncfusion/ej2-calendars": "18.3.40",
    "@syncfusion/ej2-charts": "18.3.35",
    "@syncfusion/ej2-circulargauge": "18.3.35",
    "@syncfusion/ej2-compression": "18.3.35",
    "@syncfusion/ej2-data": "18.3.40",
    "@syncfusion/ej2-diagrams": "18.3.40",
    "@syncfusion/ej2-documenteditor": "18.3.40",
    "@syncfusion/ej2-dropdowns": "18.3.40",
    "@syncfusion/ej2-excel-export": "18.3.35",
    "@syncfusion/ej2-file-utils": "18.3.35",
    "@syncfusion/ej2-grids": "18.3.40",
    "@syncfusion/ej2-heatmap": "18.3.35",
    "@syncfusion/ej2-inputs": "18.3.35",
    "@syncfusion/ej2-kanban": "18.3.40",
    "@syncfusion/ej2-layouts": "18.3.40",
    "@syncfusion/ej2-lineargauge": "18.3.35",
    "@syncfusion/ej2-lists": "18.3.35",
    "@syncfusion/ej2-maps": "18.3.40",
    "@syncfusion/ej2-navigations": "18.3.40",
    "@syncfusion/ej2-notifications": "18.3.35",
    "@syncfusion/ej2-pdf-export": "18.3.35",
    "@syncfusion/ej2-pdfviewer": "18.3.40",
    "@syncfusion/ej2-popups": "18.3.35",
    "@syncfusion/ej2-richtexteditor": "18.3.40",
    "@syncfusion/ej2-schedule": "18.3.40",
    "@syncfusion/ej2-splitbuttons": "18.3.40",
    "@syncfusion/ej2-treemap": "18.3.35",
    "@types/codemirror": "0.0.56",
    "@types/crossroads": "0.0.28",
    "@types/es6-promise": "0.0.28",
    "@types/hasher": "0.0.27",
    "@types/marked": "0.3.0",
    "@types/moment-timezone": "0.5.30",
    "@types/signals": "0.0.16",
    "axios": "^0.20.0",
    "codemirror": "5.58.1",
    "crossroads": "0.12.2",
    "fuse.js": "3.6.1",
    "hasher": "1.2.0",
    "marked": "0.3.19",
    "moment-timezone": "0.5.31",
    "typescript": {
      "version": "4.9.3",
      "resolved": "https://registry.npmjs.org/typescript/-/typescript-4.9.3.tgz",
      "integrity": "sha512-CIfGzTelbKNEnLpLdGFgdyKhG23CKdKgQPOBc+OUNrkJ2vr+KSzsSV5kq5iWhEQbok+quxgGzrAtGWCyU7tHnA==",
      "dev": true
    }
  }
}
